
Microsoft Visual Studio Solution File, Format Version 12.00
# Visual Studio Version 17
VisualStudioVersion = 17.9.34622.214
MinimumVisualStudioVersion = 10.0.40219.1
Project("{9A19103F-16F7-4668-BE54-9A1E7A4F7556}") = "EDNETLMS", "EDNETLMS.csproj", "{18554CCE-6D5C-4027-B40A-B8BD15EF750A}"
EndProject
Global
	GlobalSection(SolutionConfigurationPlatforms) = preSolution
		Debug|Any CPU = Debug|Any CPU
		Release|Any CPU = Release|Any CPU
	EndGlobalSection
	GlobalSection(ProjectConfigurationPlatforms) = postSolution
		{18554CCE-6D5C-4027-B40A-B8BD15EF750A}.Debug|Any CPU.ActiveCfg = Debug|Any CPU
		{18554CCE-6D5C-4027-B40A-B8BD15EF750A}.Debug|Any CPU.Build.0 = Debug|Any CPU
		{18554CCE-6D5C-4027-B40A-B8BD15EF750A}.Release|Any CPU.ActiveCfg = Release|Any CPU
		{18554CCE-6D5C-4027-B40A-B8BD15EF750A}.Release|Any CPU.Build.0 = Release|Any CPU
	EndGlobalSection
	GlobalSection(SolutionProperties) = preSolution
		HideSolutionNode = FALSE
	EndGlobalSection
	GlobalSection(ExtensibilityGlobals) = postSolution
		SolutionGuid = {D61DCFCF-E39E-44A1-8A0E-6A83FFD851AB}
	EndGlobalSection
EndGlobal
